// !$*UTF8*$!
{
	archiveVersion = 1;
	classes = {
	};
	objectVersion = 56;
	objects = {

/* Begin PBXBuildFile section */
		63C5A0A12BAC9BCC001C087F /* ExchangeButton.swift in Sources */ = {isa = PBXBuildFile; fileRef = 63C5A0A02BAC9BCC001C087F /* ExchangeButton.swift */; };
		63C5A0A32BAC9BFC001C087F /* SecondaryRectangle.swift in Sources */ = {isa = PBXBuildFile; fileRef = 63C5A0A22BAC9BFC001C087F /* SecondaryRectangle.swift */; };
		63C5A0A52BAC9C47001C087F /* UIApplicationExtension.swift in Sources */ = {isa = PBXBuildFile; fileRef = 63C5A0A42BAC9C47001C087F /* UIApplicationExtension.swift */; };
		63D3A6932BAD26520070348E /* GraphViewModel.swift in Sources */ = {isa = PBXBuildFile; fileRef = 63D3A6922BAD26520070348E /* GraphViewModel.swift */; };
		63D3A6962BAD26880070348E /* GraphModel.swift in Sources */ = {isa = PBXBuildFile; fileRef = 63D3A6952BAD26880070348E /* GraphModel.swift */; };
		63EC83BA2BA86030006A593B /* CurrencyApp.swift in Sources */ = {isa = PBXBuildFile; fileRef = 63EC83B92BA86030006A593B /* CurrencyApp.swift */; };
		63EC83BC2BA86030006A593B /* ContentView.swift in Sources */ = {isa = PBXBuildFile; fileRef = 63EC83BB2BA86030006A593B /* ContentView.swift */; };
		63EC83BE2BA86030006A593B /* Assets.xcassets in Resources */ = {isa = PBXBuildFile; fileRef = 63EC83BD2BA86030006A593B /* Assets.xcassets */; };
		63EC83C12BA86030006A593B /* Preview Assets.xcassets in Resources */ = {isa = PBXBuildFile; fileRef = 63EC83C02BA86030006A593B /* Preview Assets.xcassets */; };
		63EC83C82BA86E06006A593B /* MainView.swift in Sources */ = {isa = PBXBuildFile; fileRef = 63EC83C72BA86E06006A593B /* MainView.swift */; };
		63EC83CA2BA86E27006A593B /* SecondView.swift in Sources */ = {isa = PBXBuildFile; fileRef = 63EC83C92BA86E27006A593B /* SecondView.swift */; };
		63EC83CC2BA889B5006A593B /* CustomRectangle.swift in Sources */ = {isa = PBXBuildFile; fileRef = 63EC83CB2BA889B5006A593B /* CustomRectangle.swift */; };
		63EC83CE2BA891F5006A593B /* CurrencyModel.swift in Sources */ = {isa = PBXBuildFile; fileRef = 63EC83CD2BA891F5006A593B /* CurrencyModel.swift */; };
		63EC83D02BA89233006A593B /* Networking.swift in Sources */ = {isa = PBXBuildFile; fileRef = 63EC83CF2BA89233006A593B /* Networking.swift */; };
		63EC83D22BA893E1006A593B /* mainViewModel.swift in Sources */ = {isa = PBXBuildFile; fileRef = 63EC83D12BA893E1006A593B /* mainViewModel.swift */; };
/* End PBXBuildFile section */

/* Begin PBXFileReference section */
		63C5A0A02BAC9BCC001C087F /* ExchangeButton.swift */ = {isa = PBXFileReference; lastKnownFileType = sourcecode.swift; path = ExchangeButton.swift; sourceTree = "<group>"; };
		63C5A0A22BAC9BFC001C087F /* SecondaryRectangle.swift */ = {isa = PBXFileReference; lastKnownFileType = sourcecode.swift; path = SecondaryRectangle.swift; sourceTree = "<group>"; };
		63C5A0A42BAC9C47001C087F /* UIApplicationExtension.swift */ = {isa = PBXFileReference; lastKnownFileType = sourcecode.swift; path = UIApplicationExtension.swift; sourceTree = "<group>"; };
		63D3A6922BAD26520070348E /* GraphViewModel.swift */ = {isa = PBXFileReference; lastKnownFileType = sourcecode.swift; path = GraphViewModel.swift; sourceTree = "<group>"; };
		63D3A6952BAD26880070348E /* GraphModel.swift */ = {isa = PBXFileReference; lastKnownFileType = sourcecode.swift; path = GraphModel.swift; sourceTree = "<group>"; };
		63EC83B62BA86030006A593B /* Currency.app */ = {isa = PBXFileReference; explicitFileType = wrapper.application; includeInIndex = 0; path = Currency.app; sourceTree = BUILT_PRODUCTS_DIR; };
		63EC83B92BA86030006A593B /* CurrencyApp.swift */ = {isa = PBXFileReference; lastKnownFileType = sourcecode.swift; path = CurrencyApp.swift; sourceTree = "<group>"; };
		63EC83BB2BA86030006A593B /* ContentView.swift */ = {isa = PBXFileReference; lastKnownFileType = sourcecode.swift; path = ContentView.swift; sourceTree = "<group>"; };
		63EC83BD2BA86030006A593B /* Assets.xcassets */ = {isa = PBXFileReference; lastKnownFileType = folder.assetcatalog; path = Assets.xcassets; sourceTree = "<group>"; };
		63EC83C02BA86030006A593B /* Preview Assets.xcassets */ = {isa = PBXFileReference; lastKnownFileType = folder.assetcatalog; path = "Preview Assets.xcassets"; sourceTree = "<group>"; };
		63EC83C72BA86E06006A593B /* MainView.swift */ = {isa = PBXFileReference; lastKnownFileType = sourcecode.swift; path = MainView.swift; sourceTree = "<group>"; };
		63EC83C92BA86E27006A593B /* SecondView.swift */ = {isa = PBXFileReference; lastKnownFileType = sourcecode.swift; path = SecondView.swift; sourceTree = "<group>"; };
		63EC83CB2BA889B5006A593B /* CustomRectangle.swift */ = {isa = PBXFileReference; lastKnownFileType = sourcecode.swift; path = CustomRectangle.swift; sourceTree = "<group>"; };
		63EC83CD2BA891F5006A593B /* CurrencyModel.swift */ = {isa = PBXFileReference; lastKnownFileType = sourcecode.swift; path = CurrencyModel.swift; sourceTree = "<group>"; };
		63EC83CF2BA89233006A593B /* Networking.swift */ = {isa = PBXFileReference; lastKnownFileType = sourcecode.swift; path = Networking.swift; sourceTree = "<group>"; };
		63EC83D12BA893E1006A593B /* mainViewModel.swift */ = {isa = PBXFileReference; lastKnownFileType = sourcecode.swift; path = mainViewModel.swift; sourceTree = "<group>"; };
/* End PBXFileReference section */

/* Begin PBXFrameworksBuildPhase section */
		63EC83B32BA86030006A593B /* Frameworks */ = {
			isa = PBXFrameworksBuildPhase;
			buildActionMask = 2147483647;
			files = (
			);
			runOnlyForDeploymentPostprocessing = 0;
		};
/* End PBXFrameworksBuildPhase section */

/* Begin PBXGroup section */
		63C5A09F2BAC9BAB001C087F /* CustomViews+Extensions */ = {
			isa = PBXGroup;
			children = (
				63EC83CB2BA889B5006A593B /* CustomRectangle.swift */,
				63C5A0A02BAC9BCC001C087F /* ExchangeButton.swift */,
				63C5A0A22BAC9BFC001C087F /* SecondaryRectangle.swift */,
				63C5A0A42BAC9C47001C087F /* UIApplicationExtension.swift */,
			);
			path = "CustomViews+Extensions";
			sourceTree = "<group>";
		};
		63D3A68E2BAD21630070348E /* MainPage */ = {
			isa = PBXGroup;
			children = (
				63D3A6902BAD218A0070348E /* View */,
				63D3A6912BAD21910070348E /* ViewModel */,
				63D3A68F2BAD21820070348E /* Model */,
			);
			path = MainPage;
			sourceTree = "<group>";
		};
		63D3A68F2BAD21820070348E /* Model */ = {
			isa = PBXGroup;
			children = (
				63EC83CD2BA891F5006A593B /* CurrencyModel.swift */,
			);
			path = Model;
			sourceTree = "<group>";
		};
		63D3A6902BAD218A0070348E /* View */ = {
			isa = PBXGroup;
			children = (
				63EC83C72BA86E06006A593B /* MainView.swift */,
			);
			path = View;
			sourceTree = "<group>";
		};
		63D3A6912BAD21910070348E /* ViewModel */ = {
			isa = PBXGroup;
			children = (
				63EC83D12BA893E1006A593B /* mainViewModel.swift */,
			);
			path = ViewModel;
			sourceTree = "<group>";
		};
		63D3A6942BAD26590070348E /* GraphPage */ = {
			isa = PBXGroup;
			children = (
				63EC83C92BA86E27006A593B /* SecondView.swift */,
				63D3A6922BAD26520070348E /* GraphViewModel.swift */,
				63D3A6952BAD26880070348E /* GraphModel.swift */,
			);
			path = GraphPage;
			sourceTree = "<group>";
		};
		63EC83AD2BA8602F006A593B = {
			isa = PBXGroup;
			children = (
				63EC83B82BA86030006A593B /* Currency */,
				63EC83B72BA86030006A593B /* Products */,
			);
			sourceTree = "<group>";
		};
		63EC83B72BA86030006A593B /* Products */ = {
			isa = PBXGroup;
			children = (
				63EC83B62BA86030006A593B /* Currency.app */,
			);
			name = Products;
			sourceTree = "<group>";
		};
		63EC83B82BA86030006A593B /* Currency */ = {
			isa = PBXGroup;
			children = (
				63EC83B92BA86030006A593B /* CurrencyApp.swift */,
				63EC83BB2BA86030006A593B /* ContentView.swift */,
				63D3A68E2BAD21630070348E /* MainPage */,
				63D3A6942BAD26590070348E /* GraphPage */,
				63C5A09F2BAC9BAB001C087F /* CustomViews+Extensions */,
				63EC83CF2BA89233006A593B /* Networking.swift */,
				63EC83BD2BA86030006A593B /* Assets.xcassets */,
				63EC83BF2BA86030006A593B /* Preview Content */,
			);
			path = Currency;
			sourceTree = "<group>";
		};
		63EC83BF2BA86030006A593B /* Preview Content */ = {
			isa = PBXGroup;
			children = (
				63EC83C02BA86030006A593B /* Preview Assets.xcassets */,
			);
			path = "Preview Content";
			sourceTree = "<group>";
		};
/* End PBXGroup section */

/* Begin PBXNativeTarget section */
		63EC83B52BA86030006A593B /* Currency */ = {
			isa = PBXNativeTarget;
			buildConfigurationList = 63EC83C42BA86030006A593B /* Build configuration list for PBXNativeTarget "Currency" */;
			buildPhases = (
				63EC83B22BA86030006A593B /* Sources */,
				63EC83B32BA86030006A593B /* Frameworks */,
				63EC83B42BA86030006A593B /* Resources */,
			);
			buildRules = (
			);
			dependencies = (
			);
			name = Currency;
			productName = Currency;
			productReference = 63EC83B62BA86030006A593B /* Currency.app */;
			productType = "com.apple.product-type.application";
		};
/* End PBXNativeTarget section */

/* Begin PBXProject section */
		63EC83AE2BA8602F006A593B /* Project object */ = {
			isa = PBXProject;
			attributes = {
				BuildIndependentTargetsInParallel = 1;
				LastSwiftUpdateCheck = 1500;
				LastUpgradeCheck = 1500;
				TargetAttributes = {
					63EC83B52BA86030006A593B = {
						CreatedOnToolsVersion = 15.0;
					};
				};
			};
			buildConfigurationList = 63EC83B12BA8602F006A593B /* Build configuration list for PBXProject "Currency" */;
			compatibilityVersion = "Xcode 14.0";
			developmentRegion = en;
			hasScannedForEncodings = 0;
			knownRegions = (
				en,
				Base,
			);
			mainGroup = 63EC83AD2BA8602F006A593B;
			productRefGroup = 63EC83B72BA86030006A593B /* Products */;
			projectDirPath = "";
			projectRoot = "";
			targets = (
				63EC83B52BA86030006A593B /* Currency */,
			);
		};
/* End PBXProject section */

/* Begin PBXResourcesBuildPhase section */
		63EC83B42BA86030006A593B /* Resources */ = {
			isa = PBXResourcesBuildPhase;
			buildActionMask = 2147483647;
			files = (
				63EC83C12BA86030006A593B /* Preview Assets.xcassets in Resources */,
				63EC83BE2BA86030006A593B /* Assets.xcassets in Resources */,
			);
			runOnlyForDeploymentPostprocessing = 0;
		};
/* End PBXResourcesBuildPhase section */

/* Begin PBXSourcesBuildPhase section */
		63EC83B22BA86030006A593B /* Sources */ = {
			isa = PBXSourcesBuildPhase;
			buildActionMask = 2147483647;
			files = (
				63C5A0A32BAC9BFC001C087F /* SecondaryRectangle.swift in Sources */,
				63EC83CC2BA889B5006A593B /* CustomRectangle.swift in Sources */,
				63EC83BC2BA86030006A593B /* ContentView.swift in Sources */,
				63C5A0A12BAC9BCC001C087F /* ExchangeButton.swift in Sources */,
				63EC83CE2BA891F5006A593B /* CurrencyModel.swift in Sources */,
				63D3A6932BAD26520070348E /* GraphViewModel.swift in Sources */,
				63EC83C82BA86E06006A593B /* MainView.swift in Sources */,
				63C5A0A52BAC9C47001C087F /* UIApplicationExtension.swift in Sources */,
				63EC83CA2BA86E27006A593B /* SecondView.swift in Sources */,
				63EC83D22BA893E1006A593B /* mainViewModel.swift in Sources */,
				63EC83BA2BA86030006A593B /* CurrencyApp.swift in Sources */,
				63D3A6962BAD26880070348E /* GraphModel.swift in Sources */,
				63EC83D02BA89233006A593B /* Networking.swift in Sources */,
			);
			runOnlyForDeploymentPostprocessing = 0;
		};
/* End PBXSourcesBuildPhase section */

/* Begin XCBuildConfiguration section */
		63EC83C22BA86030006A593B /* Debug */ = {
			isa = XCBuildConfiguration;
			buildSettings = {
				ALWAYS_SEARCH_USER_PATHS = NO;
				ASSETCATALOG_COMPILER_GENERATE_SWIFT_ASSET_SYMBOL_EXTENSIONS = YES;
				CLANG_ANALYZER_NONNULL = YES;
				CLANG_ANALYZER_NUMBER_OBJECT_CONVERSION = YES_AGGRESSIVE;
				CLANG_CXX_LANGUAGE_STANDARD = "gnu++20";
				CLANG_ENABLE_MODULES = YES;
				CLANG_ENABLE_OBJC_ARC = YES;
				CLANG_ENABLE_OBJC_WEAK = YES;
				CLANG_WARN_BLOCK_CAPTURE_AUTORELEASING = YES;
				CLANG_WARN_BOOL_CONVERSION = YES;
				CLANG_WARN_COMMA = YES;
				CLANG_WARN_CONSTANT_CONVERSION = YES;
				CLANG_WARN_DEPRECATED_OBJC_IMPLEMENTATIONS = YES;
				CLANG_WARN_DIRECT_OBJC_ISA_USAGE = YES_ERROR;
				CLANG_WARN_DOCUMENTATION_COMMENTS = YES;
				CLANG_WARN_EMPTY_BODY = YES;
				CLANG_WARN_ENUM_CONVERSION = YES;
				CLANG_WARN_INFINITE_RECURSION = YES;
				CLANG_WARN_INT_CONVERSION = YES;
				CLANG_WARN_NON_LITERAL_NULL_CONVERSION = YES;
				CLANG_WARN_OBJC_IMPLICIT_RETAIN_SELF = YES;
				CLANG_WARN_OBJC_LITERAL_CONVERSION = YES;
				CLANG_WARN_OBJC_ROOT_CLASS = YES_ERROR;
				CLANG_WARN_QUOTED_INCLUDE_IN_FRAMEWORK_HEADER = YES;
				CLANG_WARN_RANGE_LOOP_ANALYSIS = YES;
				CLANG_WARN_STRICT_PROTOTYPES = YES;
				CLANG_WARN_SUSPICIOUS_MOVE = YES;
				CLANG_WARN_UNGUARDED_AVAILABILITY = YES_AGGRESSIVE;
				CLANG_WARN_UNREACHABLE_CODE = YES;
				CLANG_WARN__DUPLICATE_METHOD_MATCH = YES;
				COPY_PHASE_STRIP = NO;
				DEBUG_INFORMATION_FORMAT = dwarf;
				ENABLE_STRICT_OBJC_MSGSEND = YES;
				ENABLE_TESTABILITY = YES;
				ENABLE_USER_SCRIPT_SANDBOXING = YES;
				GCC_C_LANGUAGE_STANDARD = gnu17;
				GCC_DYNAMIC_NO_PIC = NO;
				GCC_NO_COMMON_BLOCKS = YES;
				GCC_OPTIMIZATION_LEVEL = 0;
				GCC_PREPROCESSOR_DEFINITIONS = (
					"DEBUG=1",
					"$(inherited)",
				);
				GCC_WARN_64_TO_32_BIT_CONVERSION = YES;
				GCC_WARN_ABOUT_RETURN_TYPE = YES_ERROR;
				GCC_WARN_UNDECLARED_SELECTOR = YES;
				GCC_WARN_UNINITIALIZED_AUTOS = YES_AGGRESSIVE;
				GCC_WARN_UNUSED_FUNCTION = YES;
				GCC_WARN_UNUSED_VARIABLE = YES;
				IPHONEOS_DEPLOYMENT_TARGET = 17.0;
				LOCALIZATION_PREFERS_STRING_CATALOGS = YES;
				MTL_ENABLE_DEBUG_INFO = INCLUDE_SOURCE;
				MTL_FAST_MATH = YES;
				ONLY_ACTIVE_ARCH = YES;
				SDKROOT = iphoneos;
				SWIFT_ACTIVE_COMPILATION_CONDITIONS = "DEBUG $(inherited)";
				SWIFT_OPTIMIZATION_LEVEL = "-Onone";
			};
			name = Debug;
		};
		63EC83C32BA86030006A593B /* Release */ = {
			isa = XCBuildConfiguration;
			buildSettings = {
				ALWAYS_SEARCH_USER_PATHS = NO;
				ASSETCATALOG_COMPILER_GENERATE_SWIFT_ASSET_SYMBOL_EXTENSIONS = YES;
				CLANG_ANALYZER_NONNULL = YES;
				CLANG_ANALYZER_NUMBER_OBJECT_CONVERSION = YES_AGGRESSIVE;
				CLANG_CXX_LANGUAGE_STANDARD = "gnu++20";
				CLANG_ENABLE_MODULES = YES;
				CLANG_ENABLE_OBJC_ARC = YES;
				CLANG_ENABLE_OBJC_WEAK = YES;
				CLANG_WARN_BLOCK_CAPTURE_AUTORELEASING = YES;
				CLANG_WARN_BOOL_CONVERSION = YES;
				CLANG_WARN_COMMA = YES;
				CLANG_WARN_CONSTANT_CONVERSION = YES;
				CLANG_WARN_DEPRECATED_OBJC_IMPLEMENTATIONS = YES;
				CLANG_WARN_DIRECT_OBJC_ISA_USAGE = YES_ERROR;
				CLANG_WARN_DOCUMENTATION_COMMENTS = YES;
				CLANG_WARN_EMPTY_BODY = YES;
				CLANG_WARN_ENUM_CONVERSION = YES;
				CLANG_WARN_INFINITE_RECURSION = YES;
				CLANG_WARN_INT_CONVERSION = YES;
				CLANG_WARN_NON_LITERAL_NULL_CONVERSION = YES;
				CLANG_WARN_OBJC_IMPLICIT_RETAIN_SELF = YES;
				CLANG_WARN_OBJC_LITERAL_CONVERSION = YES;
				CLANG_WARN_OBJC_ROOT_CLASS = YES_ERROR;
				CLANG_WARN_QUOTED_INCLUDE_IN_FRAMEWORK_HEADER = YES;
				CLANG_WARN_RANGE_LOOP_ANALYSIS = YES;
				CLANG_WARN_STRICT_PROTOTYPES = YES;
				CLANG_WARN_SUSPICIOUS_MOVE = YES;
				CLANG_WARN_UNGUARDED_AVAILABILITY = YES_AGGRESSIVE;
				CLANG_WARN_UNREACHABLE_CODE = YES;
				CLANG_WARN__DUPLICATE_METHOD_MATCH = YES;
				COPY_PHASE_STRIP = NO;
				DEBUG_INFORMATION_FORMAT = "dwarf-with-dsym";
				ENABLE_NS_ASSERTIONS = NO;
				ENABLE_STRICT_OBJC_MSGSEND = YES;
				ENABLE_USER_SCRIPT_SANDBOXING = YES;
				GCC_C_LANGUAGE_STANDARD = gnu17;
				GCC_NO_COMMON_BLOCKS = YES;
				GCC_WARN_64_TO_32_BIT_CONVERSION = YES;
				GCC_WARN_ABOUT_RETURN_TYPE = YES_ERROR;
				GCC_WARN_UNDECLARED_SELECTOR = YES;
				GCC_WARN_UNINITIALIZED_AUTOS = YES_AGGRESSIVE;
				GCC_WARN_UNUSED_FUNCTION = YES;
				GCC_WARN_UNUSED_VARIABLE = YES;
				IPHONEOS_DEPLOYMENT_TARGET = 17.0;
				LOCALIZATION_PREFERS_STRING_CATALOGS = YES;
				MTL_ENABLE_DEBUG_INFO = NO;
				MTL_FAST_MATH = YES;
				SDKROOT = iphoneos;
				SWIFT_COMPILATION_MODE = wholemodule;
				VALIDATE_PRODUCT = YES;
			};
			name = Release;
		};
		63EC83C52BA86030006A593B /* Debug */ = {
			isa = XCBuildConfiguration;
			buildSettings = {
				ASSETCATALOG_COMPILER_APPICON_NAME = AppIcon;
				ASSETCATALOG_COMPILER_GLOBAL_ACCENT_COLOR_NAME = AccentColor;
				CODE_SIGN_STYLE = Automatic;
				CURRENT_PROJECT_VERSION = 1;
				DEVELOPMENT_ASSET_PATHS = "\"Currency/Preview Content\"";
				DEVELOPMENT_TEAM = 25A9GC2B9J;
				ENABLE_PREVIEWS = YES;
				GENERATE_INFOPLIST_FILE = YES;
				INFOPLIST_KEY_UIApplicationSceneManifest_Generation = YES;
				INFOPLIST_KEY_UIApplicationSupportsIndirectInputEvents = YES;
				INFOPLIST_KEY_UILaunchScreen_Generation = YES;
				INFOPLIST_KEY_UISupportedInterfaceOrientations_iPad = "UIInterfaceOrientationPortrait UIInterfaceOrientationPortraitUpsideDown UIInterfaceOrientationLandscapeLeft UIInterfaceOrientationLandscapeRight";
				INFOPLIST_KEY_UISupportedInterfaceOrientations_iPhone = "UIInterfaceOrientationPortrait UIInterfaceOrientationLandscapeLeft UIInterfaceOrientationLandscapeRight";
				LD_RUNPATH_SEARCH_PATHS = (
					"$(inherited)",
					"@executable_path/Frameworks",
				);
				MARKETING_VERSION = 1.0;
				PRODUCT_BUNDLE_IDENTIFIER = com.lecture.Currency;
				PRODUCT_NAME = "$(TARGET_NAME)";
				SWIFT_EMIT_LOC_STRINGS = YES;
				SWIFT_VERSION = 5.0;
				TARGETED_DEVICE_FAMILY = "1,2";
			};
			name = Debug;
		};
		63EC83C62BA86030006A593B /* Release */ = {
			isa = XCBuildConfiguration;
			buildSettings = {
				ASSETCATALOG_COMPILER_APPICON_NAME = AppIcon;
				ASSETCATALOG_COMPILER_GLOBAL_ACCENT_COLOR_NAME = AccentColor;
				CODE_SIGN_STYLE = Automatic;
				CURRENT_PROJECT_VERSION = 1;
				DEVELOPMENT_ASSET_PATHS = "\"Currency/Preview Content\"";
				DEVELOPMENT_TEAM = 25A9GC2B9J;
				ENABLE_PREVIEWS = YES;
				GENERATE_INFOPLIST_FILE = YES;
				INFOPLIST_KEY_UIApplicationSceneManifest_Generation = YES;
				INFOPLIST_KEY_UIApplicationSupportsIndirectInputEvents = YES;
				INFOPLIST_KEY_UILaunchScreen_Generation = YES;
				INFOPLIST_KEY_UISupportedInterfaceOrientations_iPad = "UIInterfaceOrientationPortrait UIInterfaceOrientationPortraitUpsideDown UIInterfaceOrientationLandscapeLeft UIInterfaceOrientationLandscapeRight";
				INFOPLIST_KEY_UISupportedInterfaceOrientations_iPhone = "UIInterfaceOrientationPortrait UIInterfaceOrientationLandscapeLeft UIInterfaceOrientationLandscapeRight";
				LD_RUNPATH_SEARCH_PATHS = (
					"$(inherited)",
					"@executable_path/Frameworks",
				);
				MARKETING_VERSION = 1.0;
				PRODUCT_BUNDLE_IDENTIFIER = com.lecture.Currency;
				PRODUCT_NAME = "$(TARGET_NAME)";
				SWIFT_EMIT_LOC_STRINGS = YES;
				SWIFT_VERSION = 5.0;
				TARGETED_DEVICE_FAMILY = "1,2";
			};
			name = Release;
		};
/* End XCBuildConfiguration section */

/* Begin XCConfigurationList section */
		63EC83B12BA8602F006A593B /* Build configuration list for PBXProject "Currency" */ = {
			isa = XCConfigurationList;
			buildConfigurations = (
				63EC83C22BA86030006A593B /* Debug */,
				63EC83C32BA86030006A593B /* Release */,
			);
			defaultConfigurationIsVisible = 0;
			defaultConfigurationName = Release;
		};
		63EC83C42BA86030006A593B /* Build configuration list for PBXNativeTarget "Currency" */ = {
			isa = XCConfigurationList;
			buildConfigurations = (
				63EC83C52BA86030006A593B /* Debug */,
				63EC83C62BA86030006A593B /* Release */,
			);
			defaultConfigurationIsVisible = 0;
			defaultConfigurationName = Release;
		};
/* End XCConfigurationList section */
	};
	rootObject = 63EC83AE2BA8602F006A593B /* Project object */;
}
